schema: '2.0'
stages:
  preprocess:
    cmd: python src/preprocess_new_data.py
    deps:
    - path: data/power_consumption.csv
      hash: md5
      md5: 03d1833b9c7b4fb5f218a67bcb5ed299
      size: 4222390
    - path: src/preprocess_new_data.py
      hash: md5
      md5: 4d1e810cdd9406b88c5b846a0cec865b
      size: 4075
    outs:
    - path: artifacts/data/X_test.npy
      hash: md5
      md5: 72109a2352b231c6579de772c0eb9c69
      size: 922720
    - path: artifacts/data/X_train.npy
      hash: md5
      md5: 0013b580445d45f3b8411cffd8f5d462
      size: 3690144
    - path: artifacts/data/y_test.npy
      hash: md5
      md5: 4318d57f644c48cce4b2a3a0b100dc2d
      size: 84000
    - path: artifacts/data/y_train.npy
      hash: md5
      md5: 10579fb335a46f9cfceb92d67d3c3f4d
      size: 335584
    - path: artifacts/preprocessing/feature_columns.json
      hash: md5
      md5: cfbba3a6b3c88b814bf919c16a7db9ee
      size: 222
    - path: artifacts/preprocessing/scaler.pkl
      hash: md5
      md5: 99481d3d0eb2093a3b8ebdc370d8b161
      size: 1247
  train:
    cmd: python src/model.py
    deps:
    - path: artifacts/data/X_train.npy
      hash: md5
      md5: 0013b580445d45f3b8411cffd8f5d462
      size: 3690144
    - path: artifacts/data/y_train.npy
      hash: md5
      md5: 10579fb335a46f9cfceb92d67d3c3f4d
      size: 335584
    - path: src/model.py
      hash: md5
      md5: 5e92a3b86f6d147a53fcebf8d45e691b
      size: 2487
    outs:
    - path: artifacts/metrics/training_history.json
      hash: md5
      md5: 88c85dbdd093b30640e499a92d89c475
      size: 472
    - path: artifacts/models/model.pkl
      hash: md5
      md5: d48fe04e95b5fc4fc79baafb4697ca55
      size: 288108689
  evaluate:
    cmd: python src/evaluate.py
    deps:
    - path: artifacts/data/X_test.npy
      hash: md5
      md5: 72109a2352b231c6579de772c0eb9c69
      size: 922720
    - path: artifacts/data/y_test.npy
      hash: md5
      md5: 4318d57f644c48cce4b2a3a0b100dc2d
      size: 84000
    - path: artifacts/models/model.pkl
      hash: md5
      md5: d48fe04e95b5fc4fc79baafb4697ca55
      size: 288108689
    - path: src/evaluate.py
      hash: md5
      md5: 37d46a3c3abdc340cb54d4ce4833da65
      size: 1965
    outs:
    - path: artifacts/metrics/evaluation_metrics.json
      hash: md5
      md5: c6817d3ab653e9445f87e31eeaf0f9ca
      size: 243
  monitor:
    cmd: python src/monitor.py
    deps:
    - path: artifacts/data/X_test.npy
      hash: md5
      md5: 72109a2352b231c6579de772c0eb9c69
      size: 922720
    - path: artifacts/models/model.pkl
      hash: md5
      md5: d48fe04e95b5fc4fc79baafb4697ca55
      size: 288108689
    - path: src/monitor.py
      hash: md5
      md5: 45767e8bd0435cc790c227f998c266b4
      size: 3619
    outs:
    - path: artifacts/metrics/monitoring_metrics.json
      hash: md5
      md5: de9fe6a6354c3a56b13ccb3a1bdd1dcd
      size: 233
    - path: reports/drift_report.json
      hash: md5
      md5: 320435adccec11a128416172ffbd19d8
      size: 1917
